
Microsoft Visual Studio Solution File, Format Version 12.00
# Visual Studio Version 17
VisualStudioVersion = 17.5.33530.505
MinimumVisualStudioVersion = 10.0.40219.1
Project("{FAE04EC0-301F-11D3-BF4B-00C04F79EFBC}") = "MvcNet6", "MvcNet6\MvcNet6.csproj", "{52899965-699F-46B6-BE77-87A45516ECD3}"
EndProject
Global
	GlobalSection(SolutionConfigurationPlatforms) = preSolution
		Debug|Any CPU = Debug|Any CPU
		Release|Any CPU = Release|Any CPU
	EndGlobalSection
	GlobalSection(ProjectConfigurationPlatforms) = postSolution
		{52899965-699F-46B6-BE77-87A45516ECD3}.Debug|Any CPU.ActiveCfg = Debug|Any CPU
		{52899965-699F-46B6-BE77-87A45516ECD3}.Debug|Any CPU.Build.0 = Debug|Any CPU
		{52899965-699F-46B6-BE77-87A45516ECD3}.Release|Any CPU.ActiveCfg = Release|Any CPU
		{52899965-699F-46B6-BE77-87A45516ECD3}.Release|Any CPU.Build.0 = Release|Any CPU
	EndGlobalSection
	GlobalSection(SolutionProperties) = preSolution
		HideSolutionNode = FALSE
	EndGlobalSection
	GlobalSection(ExtensibilityGlobals) = postSolution
		SolutionGuid = {C216D730-1A51-47B6-93B8-494E10DFAC4A}
	EndGlobalSection
EndGlobal
